hash: 68964df757e0f899f827cbe36e525b603099bfbf25dde418795dc4f2da9a3751
updated: 2016-10-19T13:48:59.980962691-04:00
imports:
- name: github.com/jbowtie/gokogiri
  version: 94c317865760e3580e90e49c08ca54953ef1b7cb
  subpackages:
  - help
  - html
  - util
  - xml
  - xpath
- name: github.com/onsi/ginkgo
  version: 5437a97bf824dec14e58d68c56ee36e772670c2e
  subpackages:
  - config
  - internal/codelocation
  - internal/containernode
  - internal/failer
  - internal/leafnodes
  - internal/remote
  - internal/spec
  - internal/specrunner
  - internal/suite
  - internal/testingtproxy
  - internal/writer
  - reporters
  - reporters/stenographer
  - types
- name: github.com/onsi/gomega
  version: a1094b2db2d4845621602c667bd4ccf09834544e
  subpackages:
  - format
  - internal/assertion
  - internal/asyncassertion
  - internal/oraclematcher
  - internal/testingtsupport
  - matchers
  - matchers/support/goraph/bipartitegraph
  - matchers/support/goraph/edge
  - matchers/support/goraph/node
  - matchers/support/goraph/util
  - types
- name: github.com/opencontrol/compliance-masonry
  version: eb0f849c5b3931c743a979a4e1d19344172d2724
  subpackages:
  - commands/docs/docx
  - config
  - config/common
  - models
  - models/common
  - models/components
  - models/components/versions
  - models/components/versions/2_0_0
  - models/components/versions/3_0_0
  - models/components/versions/3_1_0
  - models/components/versions/base
  - tools/constants
  - tools/fs
  - tools/mapset
  - tools/vcs
- name: github.com/opencontrol/doc-template
  version: 489eade80a930ff92a4f89d5d7118b9f5b9f314e
  subpackages:
  - docx
testImports: []
